// !$*UTF8*$!
{
	archiveVersion = 1;
	classes = {
	};
	objectVersion = 56;
	objects = {

/* Begin PBXBuildFile section */
		DF0F0E662BF8E9FB000349CF /* DataManipulationBootcamp.swift in Sources */ = {isa = PBXBuildFile; fileRef = DF0F0E652BF8E9FB000349CF /* DataManipulationBootcamp.swift */; };
		DF1A50962BF643DB00922648 /* AppStorageBootcamp.swift in Sources */ = {isa = PBXBuildFile; fileRef = DF1A50952BF643DB00922648 /* AppStorageBootcamp.swift */; };
		DF1A50992BF6490000922648 /* IntroView.swift in Sources */ = {isa = PBXBuildFile; fileRef = DF1A50982BF6490000922648 /* IntroView.swift */; };
		DF1A509B2BF64A6F00922648 /* OnboardingView.swift in Sources */ = {isa = PBXBuildFile; fileRef = DF1A509A2BF64A6F00922648 /* OnboardingView.swift */; };
		DF1A509D2BF64A8000922648 /* ProfileView.swift in Sources */ = {isa = PBXBuildFile; fileRef = DF1A509C2BF64A8000922648 /* ProfileView.swift */; };
		DF61679E2BF9FD2F007FDE2F /* CoreDataBootcamp.swift in Sources */ = {isa = PBXBuildFile; fileRef = DF61679D2BF9FD2F007FDE2F /* CoreDataBootcamp.swift */; };
		DF6167A92BFA03AB007FDE2F /* CoreDataStack.swift in Sources */ = {isa = PBXBuildFile; fileRef = DF6167A82BFA03AB007FDE2F /* CoreDataStack.swift */; };
		DF6167AC2BFA0486007FDE2F /* DataModel.xcdatamodeld in Sources */ = {isa = PBXBuildFile; fileRef = DF6167AA2BFA0486007FDE2F /* DataModel.xcdatamodeld */; };
		DF65D6F52BF4E530004A3D79 /* ObservableObjectBootcamp.swift in Sources */ = {isa = PBXBuildFile; fileRef = DF65D6F42BF4E530004A3D79 /* ObservableObjectBootcamp.swift */; };
		DF65D6F92BF50457004A3D79 /* StateObjectAndObservedObjectBootcamp.swift in Sources */ = {isa = PBXBuildFile; fileRef = DF65D6F82BF50457004A3D79 /* StateObjectAndObservedObjectBootcamp.swift */; };
		DF65D6FD2BF50885004A3D79 /* ViewModelBootcamp.swift in Sources */ = {isa = PBXBuildFile; fileRef = DF65D6FC2BF50885004A3D79 /* ViewModelBootcamp.swift */; };
		DFB2920E2BF5120100F2C3F3 /* EnvironmentObjectBootcamp.swift in Sources */ = {isa = PBXBuildFile; fileRef = DFB2920D2BF5120100F2C3F3 /* EnvironmentObjectBootcamp.swift */; };
		DFBF9A462BF3E7E6001C337D /* SwiftfulThinkingContinuedLearningApp.swift in Sources */ = {isa = PBXBuildFile; fileRef = DFBF9A452BF3E7E6001C337D /* SwiftfulThinkingContinuedLearningApp.swift */; };
		DFBF9A482BF3E7E6001C337D /* ContentView.swift in Sources */ = {isa = PBXBuildFile; fileRef = DFBF9A472BF3E7E6001C337D /* ContentView.swift */; };
		DFBF9A4A2BF3E7E7001C337D /* Assets.xcassets in Resources */ = {isa = PBXBuildFile; fileRef = DFBF9A492BF3E7E7001C337D /* Assets.xcassets */; };
		DFBF9A4D2BF3E7E7001C337D /* Preview Assets.xcassets in Resources */ = {isa = PBXBuildFile; fileRef = DFBF9A4C2BF3E7E7001C337D /* Preview Assets.xcassets */; };
		DFCE753E2BF3EA0E00B39B29 /* ModelBootcamp.swift in Sources */ = {isa = PBXBuildFile; fileRef = DFCE753D2BF3EA0E00B39B29 /* ModelBootcamp.swift */; };
		DFF78A652BF7D31300188D2C /* EssentialProtocolsBootcamp.swift in Sources */ = {isa = PBXBuildFile; fileRef = DFF78A642BF7D31300188D2C /* EssentialProtocolsBootcamp.swift */; };
/* End PBXBuildFile section */

/* Begin PBXFileReference section */
		DF0F0E652BF8E9FB000349CF /* DataManipulationBootcamp.swift */ = {isa = PBXFileReference; lastKnownFileType = sourcecode.swift; path = DataManipulationBootcamp.swift; sourceTree = "<group>"; };
		DF1A50952BF643DB00922648 /* AppStorageBootcamp.swift */ = {isa = PBXFileReference; lastKnownFileType = sourcecode.swift; path = AppStorageBootcamp.swift; sourceTree = "<group>"; };
		DF1A50982BF6490000922648 /* IntroView.swift */ = {isa = PBXFileReference; lastKnownFileType = sourcecode.swift; path = IntroView.swift; sourceTree = "<group>"; };
		DF1A509A2BF64A6F00922648 /* OnboardingView.swift */ = {isa = PBXFileReference; lastKnownFileType = sourcecode.swift; path = OnboardingView.swift; sourceTree = "<group>"; };
		DF1A509C2BF64A8000922648 /* ProfileView.swift */ = {isa = PBXFileReference; lastKnownFileType = sourcecode.swift; path = ProfileView.swift; sourceTree = "<group>"; };
		DF61679D2BF9FD2F007FDE2F /* CoreDataBootcamp.swift */ = {isa = PBXFileReference; lastKnownFileType = sourcecode.swift; path = CoreDataBootcamp.swift; sourceTree = "<group>"; };
		DF6167A82BFA03AB007FDE2F /* CoreDataStack.swift */ = {isa = PBXFileReference; lastKnownFileType = sourcecode.swift; path = CoreDataStack.swift; sourceTree = "<group>"; };
		DF6167AB2BFA0486007FDE2F /* DataModel.xcdatamodel */ = {isa = PBXFileReference; lastKnownFileType = wrapper.xcdatamodel; path = DataModel.xcdatamodel; sourceTree = "<group>"; };
		DF65D6F42BF4E530004A3D79 /* ObservableObjectBootcamp.swift */ = {isa = PBXFileReference; lastKnownFileType = sourcecode.swift; path = ObservableObjectBootcamp.swift; sourceTree = "<group>"; };
		DF65D6F82BF50457004A3D79 /* StateObjectAndObservedObjectBootcamp.swift */ = {isa = PBXFileReference; lastKnownFileType = sourcecode.swift; path = StateObjectAndObservedObjectBootcamp.swift; sourceTree = "<group>"; };
		DF65D6FC2BF50885004A3D79 /* ViewModelBootcamp.swift */ = {isa = PBXFileReference; lastKnownFileType = sourcecode.swift; path = ViewModelBootcamp.swift; sourceTree = "<group>"; };
		DF820FBD2BF3E88A00110D1A /* README.md */ = {isa = PBXFileReference; lastKnownFileType = net.daringfireball.markdown; path = README.md; sourceTree = "<group>"; };
		DF8D4AB62BFCCC0800D4D07E /* SwiftfulThinkingContinuedLearning.app */ = {isa = PBXFileReference; explicitFileType = wrapper.application; includeInIndex = 0; name = SwiftfulThinkingContinuedLearning.app; path = "/Users/enesozmus/Downloads/SwiftfulThinkingContinuedLearning/build/Debug-iphoneos/SwiftfulThinkingContinuedLearning.app"; sourceTree = "<absolute>"; };
		DFB2920D2BF5120100F2C3F3 /* EnvironmentObjectBootcamp.swift */ = {isa = PBXFileReference; lastKnownFileType = sourcecode.swift; path = EnvironmentObjectBootcamp.swift; sourceTree = "<group>"; };
		DFBF9A452BF3E7E6001C337D /* SwiftfulThinkingContinuedLearningApp.swift */ = {isa = PBXFileReference; lastKnownFileType = sourcecode.swift; path = SwiftfulThinkingContinuedLearningApp.swift; sourceTree = "<group>"; };
		DFBF9A472BF3E7E6001C337D /* ContentView.swift */ = {isa = PBXFileReference; lastKnownFileType = sourcecode.swift; path = ContentView.swift; sourceTree = "<group>"; };
		DFBF9A492BF3E7E7001C337D /* Assets.xcassets */ = {isa = PBXFileReference; lastKnownFileType = folder.assetcatalog; path = Assets.xcassets; sourceTree = "<group>"; };
		DFBF9A4C2BF3E7E7001C337D /* Preview Assets.xcassets */ = {isa = PBXFileReference; lastKnownFileType = folder.assetcatalog; path = "Preview Assets.xcassets"; sourceTree = "<group>"; };
		DFCE753D2BF3EA0E00B39B29 /* ModelBootcamp.swift */ = {isa = PBXFileReference; lastKnownFileType = sourcecode.swift; path = ModelBootcamp.swift; sourceTree = "<group>"; };
		DFF78A642BF7D31300188D2C /* EssentialProtocolsBootcamp.swift */ = {isa = PBXFileReference; lastKnownFileType = sourcecode.swift; path = EssentialProtocolsBootcamp.swift; sourceTree = "<group>"; };
/* End PBXFileReference section */

/* Begin PBXFrameworksBuildPhase section */
		DFBF9A3F2BF3E7E6001C337D /* Frameworks */ = {
			isa = PBXFrameworksBuildPhase;
			buildActionMask = 2147483647;
			files = (
			);
			runOnlyForDeploymentPostprocessing = 0;
		};
/* End PBXFrameworksBuildPhase section */

/* Begin PBXGroup section */
		DF1A50972BF648DB00922648 /* OnboardingViews */ = {
			isa = PBXGroup;
			children = (
				DF1A50982BF6490000922648 /* IntroView.swift */,
				DF1A509C2BF64A8000922648 /* ProfileView.swift */,
				DF1A509A2BF64A6F00922648 /* OnboardingView.swift */,
			);
			path = OnboardingViews;
			sourceTree = "<group>";
		};
		DF61679F2BF9FDBF007FDE2F /* CoreData */ = {
			isa = PBXGroup;
			children = (
				DF6167A82BFA03AB007FDE2F /* CoreDataStack.swift */,
				DF6167AA2BFA0486007FDE2F /* DataModel.xcdatamodeld */,
			);
			path = CoreData;
			sourceTree = "<group>";
		};
		DFBF9A392BF3E7E6001C337D = {
			isa = PBXGroup;
			children = (
				DFBF9A442BF3E7E6001C337D /* SwiftfulThinkingContinuedLearning */,
				DF820FBD2BF3E88A00110D1A /* README.md */,
			);
			sourceTree = "<group>";
		};
		DFBF9A442BF3E7E6001C337D /* SwiftfulThinkingContinuedLearning */ = {
			isa = PBXGroup;
			children = (
				DF1A50952BF643DB00922648 /* AppStorageBootcamp.swift */,
				DFBF9A492BF3E7E7001C337D /* Assets.xcassets */,
				DFBF9A472BF3E7E6001C337D /* ContentView.swift */,
				DF61679F2BF9FDBF007FDE2F /* CoreData */,
				DF61679D2BF9FD2F007FDE2F /* CoreDataBootcamp.swift */,
				DF0F0E652BF8E9FB000349CF /* DataManipulationBootcamp.swift */,
				DFB2920D2BF5120100F2C3F3 /* EnvironmentObjectBootcamp.swift */,
				DFF78A642BF7D31300188D2C /* EssentialProtocolsBootcamp.swift */,
				DFCE753D2BF3EA0E00B39B29 /* ModelBootcamp.swift */,
				DF65D6F42BF4E530004A3D79 /* ObservableObjectBootcamp.swift */,
				DF1A50972BF648DB00922648 /* OnboardingViews */,
				DFBF9A4B2BF3E7E7001C337D /* Preview Content */,
				DFBF9A532BF3E811001C337D /* Root */,
				DF65D6F82BF50457004A3D79 /* StateObjectAndObservedObjectBootcamp.swift */,
				DF65D6FC2BF50885004A3D79 /* ViewModelBootcamp.swift */,
			);
			path = SwiftfulThinkingContinuedLearning;
			sourceTree = "<group>";
		};
		DFBF9A4B2BF3E7E7001C337D /* Preview Content */ = {
			isa = PBXGroup;
			children = (
				DFBF9A4C2BF3E7E7001C337D /* Preview Assets.xcassets */,
			);
			path = "Preview Content";
			sourceTree = "<group>";
		};
		DFBF9A532BF3E811001C337D /* Root */ = {
			isa = PBXGroup;
			children = (
				DFBF9A452BF3E7E6001C337D /* SwiftfulThinkingContinuedLearningApp.swift */,
			);
			path = Root;
			sourceTree = "<group>";
		};
/* End PBXGroup section */

/* Begin PBXNativeTarget section */
		DFBF9A412BF3E7E6001C337D /* SwiftfulThinkingContinuedLearning */ = {
			isa = PBXNativeTarget;
			buildConfigurationList = DFBF9A502BF3E7E7001C337D /* Build configuration list for PBXNativeTarget "SwiftfulThinkingContinuedLearning" */;
			buildPhases = (
				DFBF9A3E2BF3E7E6001C337D /* Sources */,
				DFBF9A3F2BF3E7E6001C337D /* Frameworks */,
				DFBF9A402BF3E7E6001C337D /* Resources */,
			);
			buildRules = (
			);
			dependencies = (
			);
			name = SwiftfulThinkingContinuedLearning;
			productName = SwiftfulThinkingContinuedLearning;
			productReference = DF8D4AB62BFCCC0800D4D07E /* SwiftfulThinkingContinuedLearning.app */;
			productType = "com.apple.product-type.application";
		};
/* End PBXNativeTarget section */

/* Begin PBXProject section */
		DFBF9A3A2BF3E7E6001C337D /* Project object */ = {
			isa = PBXProject;
			attributes = {
				BuildIndependentTargetsInParallel = 1;
				LastSwiftUpdateCheck = 1520;
				LastUpgradeCheck = 1520;
				TargetAttributes = {
					DFBF9A412BF3E7E6001C337D = {
						CreatedOnToolsVersion = 15.2;
					};
				};
			};
			buildConfigurationList = DFBF9A3D2BF3E7E6001C337D /* Build configuration list for PBXProject "SwiftfulThinkingContinuedLearning" */;
			compatibilityVersion = "Xcode 14.0";
			developmentRegion = en;
			hasScannedForEncodings = 0;
			knownRegions = (
				en,
				Base,
			);
			mainGroup = DFBF9A392BF3E7E6001C337D;
			productRefGroup = DFBF9A392BF3E7E6001C337D;
			projectDirPath = "";
			projectRoot = "";
			targets = (
				DFBF9A412BF3E7E6001C337D /* SwiftfulThinkingContinuedLearning */,
			);
		};
/* End PBXProject section */

/* Begin PBXResourcesBuildPhase section */
		DFBF9A402BF3E7E6001C337D /* Resources */ = {
			isa = PBXResourcesBuildPhase;
			buildActionMask = 2147483647;
			files = (
				DFBF9A4D2BF3E7E7001C337D /* Preview Assets.xcassets in Resources */,
				DFBF9A4A2BF3E7E7001C337D /* Assets.xcassets in Resources */,
			);
			runOnlyForDeploymentPostprocessing = 0;
		};
/* End PBXResourcesBuildPhase section */

/* Begin PBXSourcesBuildPhase section */
		DFBF9A3E2BF3E7E6001C337D /* Sources */ = {
			isa = PBXSourcesBuildPhase;
			buildActionMask = 2147483647;
			files = (
				DFB2920E2BF5120100F2C3F3 /* EnvironmentObjectBootcamp.swift in Sources */,
				DFBF9A482BF3E7E6001C337D /* ContentView.swift in Sources */,
				DF65D6FD2BF50885004A3D79 /* ViewModelBootcamp.swift in Sources */,
				DF1A509B2BF64A6F00922648 /* OnboardingView.swift in Sources */,
				DFCE753E2BF3EA0E00B39B29 /* ModelBootcamp.swift in Sources */,
				DF61679E2BF9FD2F007FDE2F /* CoreDataBootcamp.swift in Sources */,
				DF6167A92BFA03AB007FDE2F /* CoreDataStack.swift in Sources */,
				DF65D6F52BF4E530004A3D79 /* ObservableObjectBootcamp.swift in Sources */,
				DFF78A652BF7D31300188D2C /* EssentialProtocolsBootcamp.swift in Sources */,
				DF6167AC2BFA0486007FDE2F /* DataModel.xcdatamodeld in Sources */,
				DF1A50992BF6490000922648 /* IntroView.swift in Sources */,
				DFBF9A462BF3E7E6001C337D /* SwiftfulThinkingContinuedLearningApp.swift in Sources */,
				DF1A50962BF643DB00922648 /* AppStorageBootcamp.swift in Sources */,
				DF1A509D2BF64A8000922648 /* ProfileView.swift in Sources */,
				DF65D6F92BF50457004A3D79 /* StateObjectAndObservedObjectBootcamp.swift in Sources */,
				DF0F0E662BF8E9FB000349CF /* DataManipulationBootcamp.swift in Sources */,
			);
			runOnlyForDeploymentPostprocessing = 0;
		};
/* End PBXSourcesBuildPhase section */

/* Begin XCBuildConfiguration section */
		DFBF9A4E2BF3E7E7001C337D /* Debug */ = {
			isa = XCBuildConfiguration;
			buildSettings = {
				ALWAYS_SEARCH_USER_PATHS = NO;
				ASSETCATALOG_COMPILER_GENERATE_SWIFT_ASSET_SYMBOL_EXTENSIONS = YES;
				CLANG_ANALYZER_NONNULL = YES;
				CLANG_ANALYZER_NUMBER_OBJECT_CONVERSION = YES_AGGRESSIVE;
				CLANG_CXX_LANGUAGE_STANDARD = "gnu++20";
				CLANG_ENABLE_MODULES = YES;
				CLANG_ENABLE_OBJC_ARC = YES;
				CLANG_ENABLE_OBJC_WEAK = YES;
				CLANG_WARN_BLOCK_CAPTURE_AUTORELEASING = YES;
				CLANG_WARN_BOOL_CONVERSION = YES;
				CLANG_WARN_COMMA = YES;
				CLANG_WARN_CONSTANT_CONVERSION = YES;
				CLANG_WARN_DEPRECATED_OBJC_IMPLEMENTATIONS = YES;
				CLANG_WARN_DIRECT_OBJC_ISA_USAGE = YES_ERROR;
				CLANG_WARN_DOCUMENTATION_COMMENTS = YES;
				CLANG_WARN_EMPTY_BODY = YES;
				CLANG_WARN_ENUM_CONVERSION = YES;
				CLANG_WARN_INFINITE_RECURSION = YES;
				CLANG_WARN_INT_CONVERSION = YES;
				CLANG_WARN_NON_LITERAL_NULL_CONVERSION = YES;
				CLANG_WARN_OBJC_IMPLICIT_RETAIN_SELF = YES;
				CLANG_WARN_OBJC_LITERAL_CONVERSION = YES;
				CLANG_WARN_OBJC_ROOT_CLASS = YES_ERROR;
				CLANG_WARN_QUOTED_INCLUDE_IN_FRAMEWORK_HEADER = YES;
				CLANG_WARN_RANGE_LOOP_ANALYSIS = YES;
				CLANG_WARN_STRICT_PROTOTYPES = YES;
				CLANG_WARN_SUSPICIOUS_MOVE = YES;
				CLANG_WARN_UNGUARDED_AVAILABILITY = YES_AGGRESSIVE;
				CLANG_WARN_UNREACHABLE_CODE = YES;
				CLANG_WARN__DUPLICATE_METHOD_MATCH = YES;
				COPY_PHASE_STRIP = NO;
				DEBUG_INFORMATION_FORMAT = dwarf;
				ENABLE_STRICT_OBJC_MSGSEND = YES;
				ENABLE_TESTABILITY = YES;
				ENABLE_USER_SCRIPT_SANDBOXING = YES;
				GCC_C_LANGUAGE_STANDARD = gnu17;
				GCC_DYNAMIC_NO_PIC = NO;
				GCC_NO_COMMON_BLOCKS = YES;
				GCC_OPTIMIZATION_LEVEL = 0;
				GCC_PREPROCESSOR_DEFINITIONS = (
					"DEBUG=1",
					"$(inherited)",
				);
				GCC_WARN_64_TO_32_BIT_CONVERSION = YES;
				GCC_WARN_ABOUT_RETURN_TYPE = YES_ERROR;
				GCC_WARN_UNDECLARED_SELECTOR = YES;
				GCC_WARN_UNINITIALIZED_AUTOS = YES_AGGRESSIVE;
				GCC_WARN_UNUSED_FUNCTION = YES;
				GCC_WARN_UNUSED_VARIABLE = YES;
				IPHONEOS_DEPLOYMENT_TARGET = 17.2;
				LOCALIZATION_PREFERS_STRING_CATALOGS = YES;
				MTL_ENABLE_DEBUG_INFO = INCLUDE_SOURCE;
				MTL_FAST_MATH = YES;
				ONLY_ACTIVE_ARCH = YES;
				SDKROOT = iphoneos;
				SWIFT_ACTIVE_COMPILATION_CONDITIONS = "DEBUG $(inherited)";
				SWIFT_OPTIMIZATION_LEVEL = "-Onone";
			};
			name = Debug;
		};
		DFBF9A4F2BF3E7E7001C337D /* Release */ = {
			isa = XCBuildConfiguration;
			buildSettings = {
				ALWAYS_SEARCH_USER_PATHS = NO;
				ASSETCATALOG_COMPILER_GENERATE_SWIFT_ASSET_SYMBOL_EXTENSIONS = YES;
				CLANG_ANALYZER_NONNULL = YES;
				CLANG_ANALYZER_NUMBER_OBJECT_CONVERSION = YES_AGGRESSIVE;
				CLANG_CXX_LANGUAGE_STANDARD = "gnu++20";
				CLANG_ENABLE_MODULES = YES;
				CLANG_ENABLE_OBJC_ARC = YES;
				CLANG_ENABLE_OBJC_WEAK = YES;
				CLANG_WARN_BLOCK_CAPTURE_AUTORELEASING = YES;
				CLANG_WARN_BOOL_CONVERSION = YES;
				CLANG_WARN_COMMA = YES;
				CLANG_WARN_CONSTANT_CONVERSION = YES;
				CLANG_WARN_DEPRECATED_OBJC_IMPLEMENTATIONS = YES;
				CLANG_WARN_DIRECT_OBJC_ISA_USAGE = YES_ERROR;
				CLANG_WARN_DOCUMENTATION_COMMENTS = YES;
				CLANG_WARN_EMPTY_BODY = YES;
				CLANG_WARN_ENUM_CONVERSION = YES;
				CLANG_WARN_INFINITE_RECURSION = YES;
				CLANG_WARN_INT_CONVERSION = YES;
				CLANG_WARN_NON_LITERAL_NULL_CONVERSION = YES;
				CLANG_WARN_OBJC_IMPLICIT_RETAIN_SELF = YES;
				CLANG_WARN_OBJC_LITERAL_CONVERSION = YES;
				CLANG_WARN_OBJC_ROOT_CLASS = YES_ERROR;
				CLANG_WARN_QUOTED_INCLUDE_IN_FRAMEWORK_HEADER = YES;
				CLANG_WARN_RANGE_LOOP_ANALYSIS = YES;
				CLANG_WARN_STRICT_PROTOTYPES = YES;
				CLANG_WARN_SUSPICIOUS_MOVE = YES;
				CLANG_WARN_UNGUARDED_AVAILABILITY = YES_AGGRESSIVE;
				CLANG_WARN_UNREACHABLE_CODE = YES;
				CLANG_WARN__DUPLICATE_METHOD_MATCH = YES;
				COPY_PHASE_STRIP = NO;
				DEBUG_INFORMATION_FORMAT = "dwarf-with-dsym";
				ENABLE_NS_ASSERTIONS = NO;
				ENABLE_STRICT_OBJC_MSGSEND = YES;
				ENABLE_USER_SCRIPT_SANDBOXING = YES;
				GCC_C_LANGUAGE_STANDARD = gnu17;
				GCC_NO_COMMON_BLOCKS = YES;
				GCC_WARN_64_TO_32_BIT_CONVERSION = YES;
				GCC_WARN_ABOUT_RETURN_TYPE = YES_ERROR;
				GCC_WARN_UNDECLARED_SELECTOR = YES;
				GCC_WARN_UNINITIALIZED_AUTOS = YES_AGGRESSIVE;
				GCC_WARN_UNUSED_FUNCTION = YES;
				GCC_WARN_UNUSED_VARIABLE = YES;
				IPHONEOS_DEPLOYMENT_TARGET = 17.2;
				LOCALIZATION_PREFERS_STRING_CATALOGS = YES;
				MTL_ENABLE_DEBUG_INFO = NO;
				MTL_FAST_MATH = YES;
				SDKROOT = iphoneos;
				SWIFT_COMPILATION_MODE = wholemodule;
				VALIDATE_PRODUCT = YES;
			};
			name = Release;
		};
		DFBF9A512BF3E7E7001C337D /* Debug */ = {
			isa = XCBuildConfiguration;
			buildSettings = {
				ASSETCATALOG_COMPILER_APPICON_NAME = AppIcon;
				ASSETCATALOG_COMPILER_GLOBAL_ACCENT_COLOR_NAME = AccentColor;
				CODE_SIGN_STYLE = Automatic;
				CURRENT_PROJECT_VERSION = 1;
				DEVELOPMENT_ASSET_PATHS = "\"SwiftfulThinkingContinuedLearning/Preview Content\"";
				ENABLE_PREVIEWS = YES;
				GENERATE_INFOPLIST_FILE = YES;
				INFOPLIST_KEY_UIApplicationSceneManifest_Generation = YES;
				INFOPLIST_KEY_UIApplicationSupportsIndirectInputEvents = YES;
				INFOPLIST_KEY_UILaunchScreen_Generation = YES;
				INFOPLIST_KEY_UISupportedInterfaceOrientations_iPad = "UIInterfaceOrientationPortrait UIInterfaceOrientationPortraitUpsideDown UIInterfaceOrientationLandscapeLeft UIInterfaceOrientationLandscapeRight";
				INFOPLIST_KEY_UISupportedInterfaceOrientations_iPhone = "UIInterfaceOrientationPortrait UIInterfaceOrientationLandscapeLeft UIInterfaceOrientationLandscapeRight";
				LD_RUNPATH_SEARCH_PATHS = (
					"$(inherited)",
					"@executable_path/Frameworks",
				);
				MARKETING_VERSION = 1.0;
				PRODUCT_BUNDLE_IDENTIFIER = me.ozmus.enes.SwiftfulThinkingContinuedLearning;
				PRODUCT_NAME = "$(TARGET_NAME)";
				SWIFT_EMIT_LOC_STRINGS = YES;
				SWIFT_VERSION = 5.0;
				TARGETED_DEVICE_FAMILY = "1,2";
			};
			name = Debug;
		};
		DFBF9A522BF3E7E7001C337D /* Release */ = {
			isa = XCBuildConfiguration;
			buildSettings = {
				ASSETCATALOG_COMPILER_APPICON_NAME = AppIcon;
				ASSETCATALOG_COMPILER_GLOBAL_ACCENT_COLOR_NAME = AccentColor;
				CODE_SIGN_STYLE = Automatic;
				CURRENT_PROJECT_VERSION = 1;
				DEVELOPMENT_ASSET_PATHS = "\"SwiftfulThinkingContinuedLearning/Preview Content\"";
				ENABLE_PREVIEWS = YES;
				GENERATE_INFOPLIST_FILE = YES;
				INFOPLIST_KEY_UIApplicationSceneManifest_Generation = YES;
				INFOPLIST_KEY_UIApplicationSupportsIndirectInputEvents = YES;
				INFOPLIST_KEY_UILaunchScreen_Generation = YES;
				INFOPLIST_KEY_UISupportedInterfaceOrientations_iPad = "UIInterfaceOrientationPortrait UIInterfaceOrientationPortraitUpsideDown UIInterfaceOrientationLandscapeLeft UIInterfaceOrientationLandscapeRight";
				INFOPLIST_KEY_UISupportedInterfaceOrientations_iPhone = "UIInterfaceOrientationPortrait UIInterfaceOrientationLandscapeLeft UIInterfaceOrientationLandscapeRight";
				LD_RUNPATH_SEARCH_PATHS = (
					"$(inherited)",
					"@executable_path/Frameworks",
				);
				MARKETING_VERSION = 1.0;
				PRODUCT_BUNDLE_IDENTIFIER = me.ozmus.enes.SwiftfulThinkingContinuedLearning;
				PRODUCT_NAME = "$(TARGET_NAME)";
				SWIFT_EMIT_LOC_STRINGS = YES;
				SWIFT_VERSION = 5.0;
				TARGETED_DEVICE_FAMILY = "1,2";
			};
			name = Release;
		};
/* End XCBuildConfiguration section */

/* Begin XCConfigurationList section */
		DFBF9A3D2BF3E7E6001C337D /* Build configuration list for PBXProject "SwiftfulThinkingContinuedLearning" */ = {
			isa = XCConfigurationList;
			buildConfigurations = (
				DFBF9A4E2BF3E7E7001C337D /* Debug */,
				DFBF9A4F2BF3E7E7001C337D /* Release */,
			);
			defaultConfigurationIsVisible = 0;
			defaultConfigurationName = Release;
		};
		DFBF9A502BF3E7E7001C337D /* Build configuration list for PBXNativeTarget "SwiftfulThinkingContinuedLearning" */ = {
			isa = XCConfigurationList;
			buildConfigurations = (
				DFBF9A512BF3E7E7001C337D /* Debug */,
				DFBF9A522BF3E7E7001C337D /* Release */,
			);
			defaultConfigurationIsVisible = 0;
			defaultConfigurationName = Release;
		};
/* End XCConfigurationList section */

/* Begin XCVersionGroup section */
		DF6167AA2BFA0486007FDE2F /* DataModel.xcdatamodeld */ = {
			isa = XCVersionGroup;
			children = (
				DF6167AB2BFA0486007FDE2F /* DataModel.xcdatamodel */,
			);
			currentVersion = DF6167AB2BFA0486007FDE2F /* DataModel.xcdatamodel */;
			path = DataModel.xcdatamodeld;
			sourceTree = "<group>";
			versionGroupType = wrapper.xcdatamodel;
		};
/* End XCVersionGroup section */
	};
	rootObject = DFBF9A3A2BF3E7E6001C337D /* Project object */;
}
